
Microsoft Visual Studio Solution File, Format Version 12.00
# Visual Studio Version 16
VisualStudioVersion = 16.0.30406.217
MinimumVisualStudioVersion = 10.0.40219.1
Project("{FAE04EC0-301F-11D3-BF4B-00C04F79EFBC}") = "PokeAPIWeb", "PokeAPIWeb\PokeAPIWeb.csproj", "{3B0E1379-6D22-4F96-8C73-4E3F6CEF6014}"
EndProject
Global
	GlobalSection(SolutionConfigurationPlatforms) = preSolution
		Debug|Any CPU = Debug|Any CPU
		Release|Any CPU = Release|Any CPU
	EndGlobalSection
	GlobalSection(ProjectConfigurationPlatforms) = postSolution
		{3B0E1379-6D22-4F96-8C73-4E3F6CEF6014}.Debug|Any CPU.ActiveCfg = Debug|Any CPU
		{3B0E1379-6D22-4F96-8C73-4E3F6CEF6014}.Debug|Any CPU.Build.0 = Debug|Any CPU
		{3B0E1379-6D22-4F96-8C73-4E3F6CEF6014}.Release|Any CPU.ActiveCfg = Release|Any CPU
		{3B0E1379-6D22-4F96-8C73-4E3F6CEF6014}.Release|Any CPU.Build.0 = Release|Any CPU
	EndGlobalSection
	GlobalSection(SolutionProperties) = preSolution
		HideSolutionNode = FALSE
	EndGlobalSection
	GlobalSection(ExtensibilityGlobals) = postSolution
		SolutionGuid = {C37E1806-FC72-424F-ADFD-5C2B4BBAE23C}
	EndGlobalSection
EndGlobal
